Microsoft Visual Studio Solution File, Format Version 11.00
# Visual Studio 2008

Project("{1771439B-3A27-4E9F-C902-1EDE79ABE548}") = "ZombieToys2.0 (YEAH!)", "Assembly-CSharp.csproj", "{C32CD12A-2704-4D20-8585-0B3AABFF962C}"
EndProject
Global
	GlobalSection(SolutionConfigurationPlatforms) = preSolution
		Debug|Any CPU = Debug|Any CPU
		Release|Any CPU = Release|Any CPU
	EndGlobalSection
	GlobalSection(ProjectConfigurationPlatforms) = postSolution
		{C32CD12A-2704-4D20-8585-0B3AABFF962C}.Debug|Any CPU.ActiveCfg = Debug|Any CPU
		{C32CD12A-2704-4D20-8585-0B3AABFF962C}.Debug|Any CPU.Build.0 = Debug|Any CPU
		{C32CD12A-2704-4D20-8585-0B3AABFF962C}.Release|Any CPU.ActiveCfg = Release|Any CPU
		{C32CD12A-2704-4D20-8585-0B3AABFF962C}.Release|Any CPU.Build.0 = Release|Any CPU
	EndGlobalSection
	GlobalSection(SolutionProperties) = preSolution
		HideSolutionNode = FALSE
	EndGlobalSection
	GlobalSection(MonoDevelopProperties) = preSolution
		StartupItem = Assembly-CSharp.csproj
	EndGlobalSection
EndGlobal
